
Microsoft Visual Studio Solution File, Format Version 12.00
# Visual Studio 15
VisualStudioVersion = 15.0.28307.1022
MinimumVisualStudioVersion = 10.0.40219.1
Project("{FAE04EC0-301F-11D3-BF4B-00C04F79EFBC}") = "PS-Project", "PS-Project\PS-Project.csproj", "{78E52CF0-3117-41EC-B571-C8B22B8A6A18}"
EndProject
Project("{FAE04EC0-301F-11D3-BF4B-00C04F79EFBC}") = "StudentInfoSystem", "StudentInfoSystem\StudentInfoSystem.csproj", "{F62F7684-689B-4CCA-B22C-401792E110B9}"
EndProject
Project("{FAE04EC0-301F-11D3-BF4B-00C04F79EFBC}") = "WPFhello", "WPFhello\WPFhello.csproj", "{B1727B83-3E4A-49F2-8EEC-7C804001A547}"
EndProject
Global
	GlobalSection(SolutionConfigurationPlatforms) = preSolution
		Debug|Any CPU = Debug|Any CPU
		Release|Any CPU = Release|Any CPU
	EndGlobalSection
	GlobalSection(ProjectConfigurationPlatforms) = postSolution
		{78E52CF0-3117-41EC-B571-C8B22B8A6A18}.Debug|Any CPU.ActiveCfg = Debug|Any CPU
		{78E52CF0-3117-41EC-B571-C8B22B8A6A18}.Debug|Any CPU.Build.0 = Debug|Any CPU
		{78E52CF0-3117-41EC-B571-C8B22B8A6A18}.Release|Any CPU.ActiveCfg = Release|Any CPU
		{78E52CF0-3117-41EC-B571-C8B22B8A6A18}.Release|Any CPU.Build.0 = Release|Any CPU
		{F62F7684-689B-4CCA-B22C-401792E110B9}.Debug|Any CPU.ActiveCfg = Debug|Any CPU
		{F62F7684-689B-4CCA-B22C-401792E110B9}.Debug|Any CPU.Build.0 = Debug|Any CPU
		{F62F7684-689B-4CCA-B22C-401792E110B9}.Release|Any CPU.ActiveCfg = Release|Any CPU
		{F62F7684-689B-4CCA-B22C-401792E110B9}.Release|Any CPU.Build.0 = Release|Any CPU
		{B1727B83-3E4A-49F2-8EEC-7C804001A547}.Debug|Any CPU.ActiveCfg = Debug|Any CPU
		{B1727B83-3E4A-49F2-8EEC-7C804001A547}.Debug|Any CPU.Build.0 = Debug|Any CPU
		{B1727B83-3E4A-49F2-8EEC-7C804001A547}.Release|Any CPU.ActiveCfg = Release|Any CPU
		{B1727B83-3E4A-49F2-8EEC-7C804001A547}.Release|Any CPU.Build.0 = Release|Any CPU
	EndGlobalSection
	GlobalSection(SolutionProperties) = preSolution
		HideSolutionNode = FALSE
	EndGlobalSection
	GlobalSection(ExtensibilityGlobals) = postSolution
		SolutionGuid = {5876AF3C-B97F-41CA-8252-DC158B47334E}
	EndGlobalSection
EndGlobal
